{
  "name": "lazyload-es2015-test",
  "version": "1.0.0",
  "lockfileVersion": 1,
  "requires": true,
  "dependencies": {
    "vanilla-lazyload": {
      "version": "11.0.0",
      "resolved": "https://registry.npmjs.org/vanilla-lazyload/-/vanilla-lazyload-11.0.0.tgz",
      "integrity": "sha512-ShTN+FOHzi3YA9Mh2QxS9j2a8M5BWzksUH34yua0PJuRpE5fXeUmrDMIBedw1wrXh/6GONWHLDtTDaZnFnQJjw=="
    }
  }
}
